
Microsoft Visual Studio Solution File, Format Version 12.00
# Visual Studio 2013
VisualStudioVersion = 12.0.40629.0
MinimumVisualStudioVersion = 10.0.40219.1
Project("{FAE04EC0-301F-11D3-BF4B-00C04F79EFBC}") = "CoachingCenter", "CoachingCenter\CoachingCenter.csproj", "{983EFF05-99E5-4B7F-8C1B-6DFA77608F04}"
EndProject
Global
	GlobalSection(TeamFoundationVersionControl) = preSolution
		SccNumberOfProjects = 2
		SccEnterpriseProvider = {4CA58AB2-18FA-4F8D-95D4-32DDF27D184C}
		SccTeamFoundationServer = https://venkatarakeshnallam.visualstudio.com/defaultcollection
		SccLocalPath0 = .
		SccProjectUniqueName1 = CoachingCenter\\CoachingCenter.csproj
		SccProjectName1 = CoachingCenter
		SccLocalPath1 = CoachingCenter
	EndGlobalSection
	GlobalSection(SolutionConfigurationPlatforms) = preSolution
		Debug|Any CPU = Debug|Any CPU
		Release|Any CPU = Release|Any CPU
	EndGlobalSection
	GlobalSection(ProjectConfigurationPlatforms) = postSolution
		{983EFF05-99E5-4B7F-8C1B-6DFA77608F04}.Debug|Any CPU.ActiveCfg = Debug|Any CPU
		{983EFF05-99E5-4B7F-8C1B-6DFA77608F04}.Debug|Any CPU.Build.0 = Debug|Any CPU
		{983EFF05-99E5-4B7F-8C1B-6DFA77608F04}.Release|Any CPU.ActiveCfg = Release|Any CPU
		{983EFF05-99E5-4B7F-8C1B-6DFA77608F04}.Release|Any CPU.Build.0 = Release|Any CPU
	EndGlobalSection
	GlobalSection(SolutionProperties) = preSolution
		HideSolutionNode = FALSE
	EndGlobalSection
EndGlobal
